
Microsoft Visual Studio Solution File, Format Version 12.00
# Visual Studio Version 18
VisualStudioVersion = 18.7.11919.86 stable
MinimumVisualStudioVersion = 10.0.40219.1
Project("{9A19103F-16F7-4668-BE54-9A1E7A4F7556}") = "myshop.Web", "myshop.Web\myshop.Web.csproj", "{E81509D0-95E0-40B3-9588-5213370F33D4}"
EndProject
Project("{FAE04EC0-301F-11D3-BF4B-00C04F79EFBC}") = "myshop.DAL", "myshop.DAL\myshop.DAL.csproj", "{9F5DDBF6-9E8D-471B-B75E-1A7A8460DC2A}"
EndProject
Project("{FAE04EC0-301F-11D3-BF4B-00C04F79EFBC}") = "myshop.Domain", "myshop.Domain\myshop.Domain.csproj", "{57331A5A-2549-4617-BB84-5476DFB54E0B}"
EndProject
Project("{FAE04EC0-301F-11D3-BF4B-00C04F79EFBC}") = "myshop.BLL", "myshop.BLL\myshop.BLL.csproj", "{03CEC634-0AEE-4182-9CB7-7D7EDB589B42}"
EndProject
Global
	GlobalSection(SolutionConfigurationPlatforms) = preSolution
		Debug|Any CPU = Debug|Any CPU
		Release|Any CPU = Release|Any CPU
	EndGlobalSection
	GlobalSection(ProjectConfigurationPlatforms) = postSolution
		{E81509D0-95E0-40B3-9588-5213370F33D4}.Debug|Any CPU.ActiveCfg = Debug|Any CPU
		{E81509D0-95E0-40B3-9588-5213370F33D4}.Debug|Any CPU.Build.0 = Debug|Any CPU
		{E81509D0-95E0-40B3-9588-5213370F33D4}.Release|Any CPU.ActiveCfg = Release|Any CPU
		{E81509D0-95E0-40B3-9588-5213370F33D4}.Release|Any CPU.Build.0 = Release|Any CPU
		{9F5DDBF6-9E8D-471B-B75E-1A7A8460DC2A}.Debug|Any CPU.ActiveCfg = Debug|Any CPU
		{9F5DDBF6-9E8D-471B-B75E-1A7A8460DC2A}.Debug|Any CPU.Build.0 = Debug|Any CPU
		{9F5DDBF6-9E8D-471B-B75E-1A7A8460DC2A}.Release|Any CPU.ActiveCfg = Release|Any CPU
		{9F5DDBF6-9E8D-471B-B75E-1A7A8460DC2A}.Release|Any CPU.Build.0 = Release|Any CPU
		{57331A5A-2549-4617-BB84-5476DFB54E0B}.Debug|Any CPU.ActiveCfg = Debug|Any CPU
		{57331A5A-2549-4617-BB84-5476DFB54E0B}.Debug|Any CPU.Build.0 = Debug|Any CPU
		{57331A5A-2549-4617-BB84-5476DFB54E0B}.Release|Any CPU.ActiveCfg = Release|Any CPU
		{57331A5A-2549-4617-BB84-5476DFB54E0B}.Release|Any CPU.Build.0 = Release|Any CPU
		{03CEC634-0AEE-4182-9CB7-7D7EDB589B42}.Debug|Any CPU.ActiveCfg = Debug|Any CPU
		{03CEC634-0AEE-4182-9CB7-7D7EDB589B42}.Debug|Any CPU.Build.0 = Debug|Any CPU
		{03CEC634-0AEE-4182-9CB7-7D7EDB589B42}.Release|Any CPU.ActiveCfg = Release|Any CPU
		{03CEC634-0AEE-4182-9CB7-7D7EDB589B42}.Release|Any CPU.Build.0 = Release|Any CPU
	EndGlobalSection
	GlobalSection(SolutionProperties) = preSolution
		HideSolutionNode = FALSE
	EndGlobalSection
	GlobalSection(ExtensibilityGlobals) = postSolution
		SolutionGuid = {C9468A3D-45DC-4208-828C-DB11ABD7EDEF}
	EndGlobalSection
EndGlobal
